github.com/a4a881d4/gostudy/constant v0.0.0-20200210192746-7eba19e30bac h1:0JHFylo+apH3hChQD71qrJO9zX+5y8OUN+KXHWQWX3o=
github.com/a4a881d4/gostudy/constant v0.0.0-20200210192746-7eba19e30bac/go.mod h1:1mwt+nH2c2igFk1vqXra97kxMXzezrn1E7YNS4bEcYQ=
github.com/a4a881d4/gostudy/ethereum/account/ecc v0.0.0-20200210192746-7eba19e30bac h1:FI4Makjj+Lo2Fm3FWTkS+Wkt954aqWD9gI9GgmZhaXQ=
github.com/a4a881d4/gostudy/ethereum/account/ecc v0.0.0-20200210192746-7eba19e30bac/go.mod h1:l1jLS++TaRPlPJT9BUE0P6Mi8kh+Hl3KWbmhOo+9YhY=
golang.org/x/crypto v0.0.0-20190308221718-c2843e01d9a2/go.mod h1:djNgcEr1/C05ACkg1iLfiJU5Ep61QUkGW8qpdssI0+w=
golang.org/x/crypto v0.0.0-20200208060501-ecb85df21340 h1:KOcEaR10tFr7gdJV2GCKw8Os5yED1u1aOqHjOAb6d2Y=
golang.org/x/crypto v0.0.0-20200208060501-ecb85df21340/go.mod h1:LzIPMQfyMNhhGPhUkYOs5KpL4U8rLKemX1yGLhDgUto=
golang.org/x/net v0.0.0-20190404232315-eb5bcb51f2a3/go.mod h1:t9HGtf8HONx5eT2rtn7q6eTqICYqUVnKs3thJo3Qplg=
golang.org/x/sys v0.0.0-20190215142949-d0b11bdaac8a/go.mod h1:STP8DvDyc/dI5b8T5hshtkjS+E42TnysNCUPdjciGhY=
golang.org/x/sys v0.0.0-20190412213103-97732733099d/go.mod h1:h1NjWce9XRLGQEsW7wpKNCjG9DtNlClVuFLEZdDNbEs=
golang.org/x/text v0.3.0/go.mod h1:NqM8EUOU14njkJ3fqMW+pc6Ldnwhi/IjpwHt7yyuwOQ=
